<?xml version="1.0" encoding="utf-8"?>
<Project ToolsVersion="4.0" xmlns="http://schemas.microsoft.com/developer/msbuild/2003">
  <ItemGroup>
    <Filter Include="Source Files">
      <UniqueIdentifier>{4FC737F1-C7A5-4376-A066-2A32D752A2FF}</UniqueIdentifier>
      <Extensions>cpp;c;cc;cxx;def;odl;idl;hpj;bat;asm;asmx</Extensions>
    </Filter>
    <Filter Include="Header Files">
      <UniqueIdentifier>{93995380-89BD-4b04-88EB-625FBE52EBFB}</UniqueIdentifier>
      <Extensions>h;hpp;hxx;hm;inl;inc;xsd</Extensions>
    </Filter>
    <Filter Include="Resource Files">
      <UniqueIdentifier>{67DA6AB6-F800-4c08-8B7A-83BB121AAD01}</UniqueIdentifier>
      <Extensions>rc;ico;cur;bmp;dlg;rc2;rct;bin;rgs;gif;jpg;jpeg;jpe;resx;tiff;tif;png;wav;mfcribbon-ms</Extensions>
    </Filter>
    <Filter Include="Header Files\oscpack">
      <UniqueIdentifier>{f86c9f64-2f3a-469e-8217-4c88a99769f1}</UniqueIdentifier>
    </Filter>
    <Filter Include="Header Files\TUIO">
      <UniqueIdentifier>{4d1cb0ec-875a-4e9b-8ff1-55f241e56dde}</UniqueIdentifier>
    </Filter>
    <Filter Include="Source Files\oscpack">
      <UniqueIdentifier>{db9385b5-bf41-4bcc-9668-830a52a7ebfd}</UniqueIdentifier>
    </Filter>
  </ItemGroup>
  <ItemGroup>
    <None Include="ReadMe.txt" />
  </ItemGroup>
  <ItemGroup>
    <ClInclude Include="stdafx.h">
      <Filter>Header Files</Filter>
    </ClInclude>
    <ClInclude Include="targetver.h">
      <Filter>Header Files</Filter>
    </ClInclude>
    <ClInclude Include="..\TuioListener\oscpack\ip\NetworkingUtils.h">
      <Filter>Header Files\oscpack</Filter>
    </ClInclude>
    <ClInclude Include="..\TuioListener\oscpack\ip\PacketListener.h">
      <Filter>Header Files\oscpack</Filter>
    </ClInclude>
    <ClInclude Include="..\TuioListener\oscpack\ip\TimerListener.h">
      <Filter>Header Files\oscpack</Filter>
    </ClInclude>
    <ClInclude Include="..\TuioListener\oscpack\ip\UdpSocket.h">
      <Filter>Header Files\oscpack</Filter>
    </ClInclude>
    <ClInclude Include="..\TuioListener\oscpack\osc\OscException.h">
      <Filter>Header Files\oscpack</Filter>
    </ClInclude>
    <ClInclude Include="..\TuioListener\oscpack\osc\OscHostEndianness.h">
      <Filter>Header Files\oscpack</Filter>
    </ClInclude>
    <ClInclude Include="..\TuioListener\oscpack\osc\OscPacketListener.h">
      <Filter>Header Files\oscpack</Filter>
    </ClInclude>
    <ClInclude Include="..\TuioListener\oscpack\osc\OscTypes.h">
      <Filter>Header Files\oscpack</Filter>
    </ClInclude>
    <ClInclude Include="..\TuioListener\TUIOService.h">
      <Filter>Header Files</Filter>
    </ClInclude>
    <ClInclude Include="..\TuioListener\TUIO\TuioClient.h">
      <Filter>Header Files\TUIO</Filter>
    </ClInclude>
    <ClInclude Include="..\TuioListener\TUIO\TuioContainer.h">
      <Filter>Header Files\TUIO</Filter>
    </ClInclude>
    <ClInclude Include="..\TuioListener\TUIO\TuioCursor.h">
      <Filter>Header Files\TUIO</Filter>
    </ClInclude>
    <ClInclude Include="..\TuioListener\TUIO\TuioListener.h">
      <Filter>Header Files\TUIO</Filter>
    </ClInclude>
    <ClInclude Include="..\TuioListener\TUIO\TuioObject.h">
      <Filter>Header Files\TUIO</Filter>
    </ClInclude>
    <ClInclude Include="..\TuioListener\TUIO\TuioPoint.h">
      <Filter>Header Files\TUIO</Filter>
    </ClInclude>
    <ClInclude Include="..\TuioListener\TUIO\TuioTime.h">
      <Filter>Header Files\TUIO</Filter>
    </ClInclude>
    <ClInclude Include="..\TuioListener\ServiceBase.h">
      <Filter>Header Files</Filter>
    </ClInclude>
    <ClInclude Include="..\TuioListener\ServiceInstaller.h">
      <Filter>Header Files</Filter>
    </ClInclude>
    <ClInclude Include="..\Tuio-to-Vmulti-Service-1\targetver.h">
      <Filter>Header Files</Filter>
    </ClInclude>
    <ClInclude Include="..\TuioListener\ThreadPool.h">
      <Filter>Header Files</Filter>
    </ClInclude>
    <ClInclude Include="..\TuioListener\TuioDump.h">
      <Filter>Header Files</Filter>
    </ClInclude>
  </ItemGroup>
  <ItemGroup>
    <ClCompile Include="stdafx.cpp">
      <Filter>Source Files</Filter>
    </ClCompile>
    <ClCompile Include="Tuio-to-Vmulti-Service-2.cpp">
      <Filter>Source Files</Filter>
    </ClCompile>
    <ClCompile Include="..\TuioListener\oscpack\ip\win32\NetworkingUtils.cpp">
      <Filter>Source Files\oscpack</Filter>
    </ClCompile>
    <ClCompile Include="..\TuioListener\oscpack\ip\win32\UdpSocket.cpp">
      <Filter>Source Files\oscpack</Filter>
    </ClCompile>
    <ClCompile Include="..\TuioListener\oscpack\osc\OscPrintReceivedElements.cpp">
      <Filter>Source Files\oscpack</Filter>
    </ClCompile>
    <ClCompile Include="..\TuioListener\oscpack\osc\OscReceivedElements.cpp">
      <Filter>Source Files\oscpack</Filter>
    </ClCompile>
    <ClCompile Include="..\TuioListener\oscpack\osc\OscTypes.cpp">
      <Filter>Source Files\oscpack</Filter>
    </ClCompile>
    <ClCompile Include="..\TuioListener\TUIO\TuioTime.cpp">
      <Filter>Source Files</Filter>
    </ClCompile>
    <ClCompile Include="..\TuioListener\ServiceBase.cpp">
      <Filter>Source Files</Filter>
    </ClCompile>
    <ClCompile Include="..\TuioListener\ServiceInstaller.cpp">
      <Filter>Source Files</Filter>
    </ClCompile>
    <ClCompile Include="..\TuioListener\TUIO\TuioClient.cpp">
      <Filter>Source Files</Filter>
    </ClCompile>
    <ClCompile Include="..\TuioListener\TUIOService2.cpp">
      <Filter>Source Files</Filter>
    </ClCompile>
  </ItemGroup>
</Project>