
Microsoft Visual Studio Solution File, Format Version 11.00
# Visual Studio 2010
Project("{8BC9CEB8-8B4A-11D0-8D11-00A0C91BC942}") = "vmulticlient", "Vmulti_Client\vmulticlient.vcxproj", "{CA3F49EF-F69C-46A0-A6BF-84F477255A5C}"
EndProject
Project("{8BC9CEB8-8B4A-11D0-8D11-00A0C91BC942}") = "Tuio-to-Vmulti-Service-1", "Tuio-to-Vmulti-Service-1\Tuio-to-Vmulti-Service-1.vcxproj", "{F718009F-4092-412E-A8FA-327C9AB01382}"
EndProject
Project("{8BC9CEB8-8B4A-11D0-8D11-00A0C91BC942}") = "Tuio-to-Vmulti-Service-2", "Tuio-to-Vmulti-Service-2\Tuio-to-Vmulti-Service-2.vcxproj", "{FFC39D2E-1DAB-48B9-A73C-973F41025B30}"
EndProject
Project("{8BC9CEB8-8B4A-11D0-8D11-00A0C91BC942}") = "Tuio-to-Vmulti-Service-3", "Tuio-to-Vmulti-Service-3\Tuio-to-Vmulti-Service-3.vcxproj", "{2F923D92-4A1A-4449-A93C-405897801960}"
EndProject
Project("{8BC9CEB8-8B4A-11D0-8D11-00A0C91BC942}") = "Tuio-to-Vmulti-Service-4", "Tuio-to-Vmulti-Service-4\Tuio-to-Vmulti-Service-4.vcxproj", "{106055CC-70A3-4137-82F1-038739729A2F}"
EndProject
Project("{8BC9CEB8-8B4A-11D0-8D11-00A0C91BC942}") = "Tuio-to-Vmulti-Service-5", "Tuio-to-Vmulti-Service-5\Tuio-to-Vmulti-Service-5.vcxproj", "{7599BFC2-BC92-40A7-9AC0-9CBC09758D8E}"
EndProject
Project("{8BC9CEB8-8B4A-11D0-8D11-00A0C91BC942}") = "test", "test\test.vcxproj", "{7E3BCF54-F0E9-49DB-9542-6C1CC51D6087}"
EndProject
Global
	GlobalSection(SolutionConfigurationPlatforms) = preSolution
		Debug|Win32 = Debug|Win32
		Release|Win32 = Release|Win32
	EndGlobalSection
	GlobalSection(ProjectConfigurationPlatforms) = postSolution
		{CA3F49EF-F69C-46A0-A6BF-84F477255A5C}.Debug|Win32.ActiveCfg = Debug|Win32
		{CA3F49EF-F69C-46A0-A6BF-84F477255A5C}.Debug|Win32.Build.0 = Debug|Win32
		{CA3F49EF-F69C-46A0-A6BF-84F477255A5C}.Release|Win32.ActiveCfg = Release|Win32
		{CA3F49EF-F69C-46A0-A6BF-84F477255A5C}.Release|Win32.Build.0 = Release|Win32
		{F718009F-4092-412E-A8FA-327C9AB01382}.Debug|Win32.ActiveCfg = Debug|Win32
		{F718009F-4092-412E-A8FA-327C9AB01382}.Debug|Win32.Build.0 = Debug|Win32
		{F718009F-4092-412E-A8FA-327C9AB01382}.Release|Win32.ActiveCfg = Release|Win32
		{F718009F-4092-412E-A8FA-327C9AB01382}.Release|Win32.Build.0 = Release|Win32
		{FFC39D2E-1DAB-48B9-A73C-973F41025B30}.Debug|Win32.ActiveCfg = Debug|Win32
		{FFC39D2E-1DAB-48B9-A73C-973F41025B30}.Debug|Win32.Build.0 = Debug|Win32
		{FFC39D2E-1DAB-48B9-A73C-973F41025B30}.Release|Win32.ActiveCfg = Release|Win32
		{FFC39D2E-1DAB-48B9-A73C-973F41025B30}.Release|Win32.Build.0 = Release|Win32
		{2F923D92-4A1A-4449-A93C-405897801960}.Debug|Win32.ActiveCfg = Debug|Win32
		{2F923D92-4A1A-4449-A93C-405897801960}.Debug|Win32.Build.0 = Debug|Win32
		{2F923D92-4A1A-4449-A93C-405897801960}.Release|Win32.ActiveCfg = Release|Win32
		{2F923D92-4A1A-4449-A93C-405897801960}.Release|Win32.Build.0 = Release|Win32
		{106055CC-70A3-4137-82F1-038739729A2F}.Debug|Win32.ActiveCfg = Debug|Win32
		{106055CC-70A3-4137-82F1-038739729A2F}.Debug|Win32.Build.0 = Debug|Win32
		{106055CC-70A3-4137-82F1-038739729A2F}.Release|Win32.ActiveCfg = Release|Win32
		{106055CC-70A3-4137-82F1-038739729A2F}.Release|Win32.Build.0 = Release|Win32
		{7599BFC2-BC92-40A7-9AC0-9CBC09758D8E}.Debug|Win32.ActiveCfg = Debug|Win32
		{7599BFC2-BC92-40A7-9AC0-9CBC09758D8E}.Debug|Win32.Build.0 = Debug|Win32
		{7599BFC2-BC92-40A7-9AC0-9CBC09758D8E}.Release|Win32.ActiveCfg = Release|Win32
		{7599BFC2-BC92-40A7-9AC0-9CBC09758D8E}.Release|Win32.Build.0 = Release|Win32
		{7E3BCF54-F0E9-49DB-9542-6C1CC51D6087}.Debug|Win32.ActiveCfg = Debug|Win32
		{7E3BCF54-F0E9-49DB-9542-6C1CC51D6087}.Debug|Win32.Build.0 = Debug|Win32
		{7E3BCF54-F0E9-49DB-9542-6C1CC51D6087}.Release|Win32.ActiveCfg = Release|Win32
		{7E3BCF54-F0E9-49DB-9542-6C1CC51D6087}.Release|Win32.Build.0 = Release|Win32
	EndGlobalSection
	GlobalSection(SolutionProperties) = preSolution
		HideSolutionNode = FALSE
	EndGlobalSection
EndGlobal
